
Microsoft Visual Studio Solution File, Format Version 12.00
# Visual Studio Version 16
VisualStudioVersion = 16.0.30114.105
MinimumVisualStudioVersion = 10.0.40219.1
Project("{FAE04EC0-301F-11D3-BF4B-00C04F79EFBC}") = "CryptoYoutube", "CryptoYoutube\CryptoYoutube.csproj", "{A255A28C-B2A8-4E29-89B9-5A59C1DD489A}"
EndProject
Global
	GlobalSection(SolutionConfigurationPlatforms) = preSolution
		Debug|Any CPU = Debug|Any CPU
		Release|Any CPU = Release|Any CPU
	EndGlobalSection
	GlobalSection(ProjectConfigurationPlatforms) = postSolution
		{A255A28C-B2A8-4E29-89B9-5A59C1DD489A}.Debug|Any CPU.ActiveCfg = Debug|Any CPU
		{A255A28C-B2A8-4E29-89B9-5A59C1DD489A}.Debug|Any CPU.Build.0 = Debug|Any CPU
		{A255A28C-B2A8-4E29-89B9-5A59C1DD489A}.Release|Any CPU.ActiveCfg = Release|Any CPU
		{A255A28C-B2A8-4E29-89B9-5A59C1DD489A}.Release|Any CPU.Build.0 = Release|Any CPU
	EndGlobalSection
	GlobalSection(SolutionProperties) = preSolution
		HideSolutionNode = FALSE
	EndGlobalSection
	GlobalSection(ExtensibilityGlobals) = postSolution
		SolutionGuid = {D1097D48-B5FC-4731-A008-4654F1C83F23}
	EndGlobalSection
EndGlobal
